
Microsoft Visual Studio Solution File, Format Version 12.00
# Visual Studio Version 17
VisualStudioVersion = 17.0.32014.148
MinimumVisualStudioVersion = 10.0.40219.1
Project("{FAE04EC0-301F-11D3-BF4B-00C04F79EFBC}") = "UI", "UI\UI.csproj", "{83567656-F6E9-4FC4-9452-F7D47372D924}"
EndProject
Project("{FAE04EC0-301F-11D3-BF4B-00C04F79EFBC}") = "DAL", "DAL\DAL.csproj", "{D7E9C0E7-7060-4F57-8CE4-D4AD128C13B7}"
EndProject
Project("{FAE04EC0-301F-11D3-BF4B-00C04F79EFBC}") = "BL", "BL\BL.csproj", "{3D929F98-E8BC-4730-84C9-AFC5A375EF67}"
EndProject
Project("{FAE04EC0-301F-11D3-BF4B-00C04F79EFBC}") = "Entities", "Entities\Entities.csproj", "{4E976386-8DA5-4E13-9918-F6E6CBE3809A}"
EndProject
Global
	GlobalSection(SolutionConfigurationPlatforms) = preSolution
		Debug|Any CPU = Debug|Any CPU
		Debug|ARM = Debug|ARM
		Debug|ARM64 = Debug|ARM64
		Debug|x64 = Debug|x64
		Debug|x86 = Debug|x86
		Release|Any CPU = Release|Any CPU
		Release|ARM = Release|ARM
		Release|ARM64 = Release|ARM64
		Release|x64 = Release|x64
		Release|x86 = Release|x86
	EndGlobalSection
	GlobalSection(ProjectConfigurationPlatforms) = postSolution
		{83567656-F6E9-4FC4-9452-F7D47372D924}.Debug|Any CPU.ActiveCfg = Debug|x64
		{83567656-F6E9-4FC4-9452-F7D47372D924}.Debug|Any CPU.Build.0 = Debug|x64
		{83567656-F6E9-4FC4-9452-F7D47372D924}.Debug|Any CPU.Deploy.0 = Debug|x64
		{83567656-F6E9-4FC4-9452-F7D47372D924}.Debug|ARM.ActiveCfg = Debug|ARM
		{83567656-F6E9-4FC4-9452-F7D47372D924}.Debug|ARM.Build.0 = Debug|ARM
		{83567656-F6E9-4FC4-9452-F7D47372D924}.Debug|ARM.Deploy.0 = Debug|ARM
		{83567656-F6E9-4FC4-9452-F7D47372D924}.Debug|ARM64.ActiveCfg = Debug|ARM64
		{83567656-F6E9-4FC4-9452-F7D47372D924}.Debug|ARM64.Build.0 = Debug|ARM64
		{83567656-F6E9-4FC4-9452-F7D47372D924}.Debug|ARM64.Deploy.0 = Debug|ARM64
		{83567656-F6E9-4FC4-9452-F7D47372D924}.Debug|x64.ActiveCfg = Debug|x64
		{83567656-F6E9-4FC4-9452-F7D47372D924}.Debug|x64.Build.0 = Debug|x64
		{83567656-F6E9-4FC4-9452-F7D47372D924}.Debug|x64.Deploy.0 = Debug|x64
		{83567656-F6E9-4FC4-9452-F7D47372D924}.Debug|x86.ActiveCfg = Debug|x86
		{83567656-F6E9-4FC4-9452-F7D47372D924}.Debug|x86.Build.0 = Debug|x86
		{83567656-F6E9-4FC4-9452-F7D47372D924}.Debug|x86.Deploy.0 = Debug|x86
		{83567656-F6E9-4FC4-9452-F7D47372D924}.Release|Any CPU.ActiveCfg = Release|x64
		{83567656-F6E9-4FC4-9452-F7D47372D924}.Release|Any CPU.Build.0 = Release|x64
		{83567656-F6E9-4FC4-9452-F7D47372D924}.Release|Any CPU.Deploy.0 = Release|x64
		{83567656-F6E9-4FC4-9452-F7D47372D924}.Release|ARM.ActiveCfg = Release|ARM
		{83567656-F6E9-4FC4-9452-F7D47372D924}.Release|ARM.Build.0 = Release|ARM
		{83567656-F6E9-4FC4-9452-F7D47372D924}.Release|ARM.Deploy.0 = Release|ARM
		{83567656-F6E9-4FC4-9452-F7D47372D924}.Release|ARM64.ActiveCfg = Release|ARM64
		{83567656-F6E9-4FC4-9452-F7D47372D924}.Release|ARM64.Build.0 = Release|ARM64
		{83567656-F6E9-4FC4-9452-F7D47372D924}.Release|ARM64.Deploy.0 = Release|ARM64
		{83567656-F6E9-4FC4-9452-F7D47372D924}.Release|x64.ActiveCfg = Release|x64
		{83567656-F6E9-4FC4-9452-F7D47372D924}.Release|x64.Build.0 = Release|x64
		{83567656-F6E9-4FC4-9452-F7D47372D924}.Release|x64.Deploy.0 = Release|x64
		{83567656-F6E9-4FC4-9452-F7D47372D924}.Release|x86.ActiveCfg = Release|x86
		{83567656-F6E9-4FC4-9452-F7D47372D924}.Release|x86.Build.0 = Release|x86
		{83567656-F6E9-4FC4-9452-F7D47372D924}.Release|x86.Deploy.0 = Release|x86
		{D7E9C0E7-7060-4F57-8CE4-D4AD128C13B7}.Debug|Any CPU.ActiveCfg = Debug|Any CPU
		{D7E9C0E7-7060-4F57-8CE4-D4AD128C13B7}.Debug|Any CPU.Build.0 = Debug|Any CPU
		{D7E9C0E7-7060-4F57-8CE4-D4AD128C13B7}.Debug|ARM.ActiveCfg = Debug|Any CPU
		{D7E9C0E7-7060-4F57-8CE4-D4AD128C13B7}.Debug|ARM.Build.0 = Debug|Any CPU
		{D7E9C0E7-7060-4F57-8CE4-D4AD128C13B7}.Debug|ARM64.ActiveCfg = Debug|Any CPU
		{D7E9C0E7-7060-4F57-8CE4-D4AD128C13B7}.Debug|ARM64.Build.0 = Debug|Any CPU
		{D7E9C0E7-7060-4F57-8CE4-D4AD128C13B7}.Debug|x64.ActiveCfg = Debug|Any CPU
		{D7E9C0E7-7060-4F57-8CE4-D4AD128C13B7}.Debug|x64.Build.0 = Debug|Any CPU
		{D7E9C0E7-7060-4F57-8CE4-D4AD128C13B7}.Debug|x86.ActiveCfg = Debug|Any CPU
		{D7E9C0E7-7060-4F57-8CE4-D4AD128C13B7}.Debug|x86.Build.0 = Debug|Any CPU
		{D7E9C0E7-7060-4F57-8CE4-D4AD128C13B7}.Release|Any CPU.ActiveCfg = Release|Any CPU
		{D7E9C0E7-7060-4F57-8CE4-D4AD128C13B7}.Release|Any CPU.Build.0 = Release|Any CPU
		{D7E9C0E7-7060-4F57-8CE4-D4AD128C13B7}.Release|ARM.ActiveCfg = Release|Any CPU
		{D7E9C0E7-7060-4F57-8CE4-D4AD128C13B7}.Release|ARM.Build.0 = Release|Any CPU
		{D7E9C0E7-7060-4F57-8CE4-D4AD128C13B7}.Release|ARM64.ActiveCfg = Release|Any CPU
		{D7E9C0E7-7060-4F57-8CE4-D4AD128C13B7}.Release|ARM64.Build.0 = Release|Any CPU
		{D7E9C0E7-7060-4F57-8CE4-D4AD128C13B7}.Release|x64.ActiveCfg = Release|Any CPU
		{D7E9C0E7-7060-4F57-8CE4-D4AD128C13B7}.Release|x64.Build.0 = Release|Any CPU
		{D7E9C0E7-7060-4F57-8CE4-D4AD128C13B7}.Release|x86.ActiveCfg = Release|Any CPU
		{D7E9C0E7-7060-4F57-8CE4-D4AD128C13B7}.Release|x86.Build.0 = Release|Any CPU
		{3D929F98-E8BC-4730-84C9-AFC5A375EF67}.Debug|Any CPU.ActiveCfg = Debug|Any CPU
		{3D929F98-E8BC-4730-84C9-AFC5A375EF67}.Debug|Any CPU.Build.0 = Debug|Any CPU
		{3D929F98-E8BC-4730-84C9-AFC5A375EF67}.Debug|ARM.ActiveCfg = Debug|Any CPU
		{3D929F98-E8BC-4730-84C9-AFC5A375EF67}.Debug|ARM.Build.0 = Debug|Any CPU
		{3D929F98-E8BC-4730-84C9-AFC5A375EF67}.Debug|ARM64.ActiveCfg = Debug|Any CPU
		{3D929F98-E8BC-4730-84C9-AFC5A375EF67}.Debug|ARM64.Build.0 = Debug|Any CPU
		{3D929F98-E8BC-4730-84C9-AFC5A375EF67}.Debug|x64.ActiveCfg = Debug|Any CPU
		{3D929F98-E8BC-4730-84C9-AFC5A375EF67}.Debug|x64.Build.0 = Debug|Any CPU
		{3D929F98-E8BC-4730-84C9-AFC5A375EF67}.Debug|x86.ActiveCfg = Debug|Any CPU
		{3D929F98-E8BC-4730-84C9-AFC5A375EF67}.Debug|x86.Build.0 = Debug|Any CPU
		{3D929F98-E8BC-4730-84C9-AFC5A375EF67}.Release|Any CPU.ActiveCfg = Release|Any CPU
		{3D929F98-E8BC-4730-84C9-AFC5A375EF67}.Release|Any CPU.Build.0 = Release|Any CPU
		{3D929F98-E8BC-4730-84C9-AFC5A375EF67}.Release|ARM.ActiveCfg = Release|Any CPU
		{3D929F98-E8BC-4730-84C9-AFC5A375EF67}.Release|ARM.Build.0 = Release|Any CPU
		{3D929F98-E8BC-4730-84C9-AFC5A375EF67}.Release|ARM64.ActiveCfg = Release|Any CPU
		{3D929F98-E8BC-4730-84C9-AFC5A375EF67}.Release|ARM64.Build.0 = Release|Any CPU
		{3D929F98-E8BC-4730-84C9-AFC5A375EF67}.Release|x64.ActiveCfg = Release|Any CPU
		{3D929F98-E8BC-4730-84C9-AFC5A375EF67}.Release|x64.Build.0 = Release|Any CPU
		{3D929F98-E8BC-4730-84C9-AFC5A375EF67}.Release|x86.ActiveCfg = Release|Any CPU
		{3D929F98-E8BC-4730-84C9-AFC5A375EF67}.Release|x86.Build.0 = Release|Any CPU
		{4E976386-8DA5-4E13-9918-F6E6CBE3809A}.Debug|Any CPU.ActiveCfg = Debug|Any CPU
		{4E976386-8DA5-4E13-9918-F6E6CBE3809A}.Debug|Any CPU.Build.0 = Debug|Any CPU
		{4E976386-8DA5-4E13-9918-F6E6CBE3809A}.Debug|ARM.ActiveCfg = Debug|Any CPU
		{4E976386-8DA5-4E13-9918-F6E6CBE3809A}.Debug|ARM.Build.0 = Debug|Any CPU
		{4E976386-8DA5-4E13-9918-F6E6CBE3809A}.Debug|ARM64.ActiveCfg = Debug|Any CPU
		{4E976386-8DA5-4E13-9918-F6E6CBE3809A}.Debug|ARM64.Build.0 = Debug|Any CPU
		{4E976386-8DA5-4E13-9918-F6E6CBE3809A}.Debug|x64.ActiveCfg = Debug|Any CPU
		{4E976386-8DA5-4E13-9918-F6E6CBE3809A}.Debug|x64.Build.0 = Debug|Any CPU
		{4E976386-8DA5-4E13-9918-F6E6CBE3809A}.Debug|x86.ActiveCfg = Debug|Any CPU
		{4E976386-8DA5-4E13-9918-F6E6CBE3809A}.Debug|x86.Build.0 = Debug|Any CPU
		{4E976386-8DA5-4E13-9918-F6E6CBE3809A}.Release|Any CPU.ActiveCfg = Release|Any CPU
		{4E976386-8DA5-4E13-9918-F6E6CBE3809A}.Release|Any CPU.Build.0 = Release|Any CPU
		{4E976386-8DA5-4E13-9918-F6E6CBE3809A}.Release|ARM.ActiveCfg = Release|Any CPU
		{4E976386-8DA5-4E13-9918-F6E6CBE3809A}.Release|ARM.Build.0 = Release|Any CPU
		{4E976386-8DA5-4E13-9918-F6E6CBE3809A}.Release|ARM64.ActiveCfg = Release|Any CPU
		{4E976386-8DA5-4E13-9918-F6E6CBE3809A}.Release|ARM64.Build.0 = Release|Any CPU
		{4E976386-8DA5-4E13-9918-F6E6CBE3809A}.Release|x64.ActiveCfg = Release|Any CPU
		{4E976386-8DA5-4E13-9918-F6E6CBE3809A}.Release|x64.Build.0 = Release|Any CPU
		{4E976386-8DA5-4E13-9918-F6E6CBE3809A}.Release|x86.ActiveCfg = Release|Any CPU
		{4E976386-8DA5-4E13-9918-F6E6CBE3809A}.Release|x86.Build.0 = Release|Any CPU
	EndGlobalSection
	GlobalSection(SolutionProperties) = preSolution
		HideSolutionNode = FALSE
	EndGlobalSection
	GlobalSection(ExtensibilityGlobals) = postSolution
		SolutionGuid = {D3FEEC55-0AFA-4C1A-9893-928C9B38D33E}
	EndGlobalSection
EndGlobal
